
Microsoft Visual Studio Solution File, Format Version 12.00
# Visual Studio Version 17
VisualStudioVersion = 17.11.35312.102
MinimumVisualStudioVersion = 10.0.40219.1
Project("{9A19103F-16F7-4668-BE54-9A1E7A4F7556}") = "VisiotechSecurityAPI", "VisiotechSecurityAPI\VisiotechSecurityAPI.csproj", "{DFF52693-10BD-4E87-831A-2B80F208D19F}"
EndProject
Project("{FAE04EC0-301F-11D3-BF4B-00C04F79EFBC}") = "VisioTechSecurity.Test", "VisioTechSecurity.Test\VisioTechSecurity.Test.csproj", "{77AC1847-311B-4BEA-925C-9BEAAD18A64C}"
EndProject
Global
	GlobalSection(SolutionConfigurationPlatforms) = preSolution
		Debug|Any CPU = Debug|Any CPU
		Release|Any CPU = Release|Any CPU
	EndGlobalSection
	GlobalSection(ProjectConfigurationPlatforms) = postSolution
		{DFF52693-10BD-4E87-831A-2B80F208D19F}.Debug|Any CPU.ActiveCfg = Debug|Any CPU
		{DFF52693-10BD-4E87-831A-2B80F208D19F}.Debug|Any CPU.Build.0 = Debug|Any CPU
		{DFF52693-10BD-4E87-831A-2B80F208D19F}.Release|Any CPU.ActiveCfg = Release|Any CPU
		{DFF52693-10BD-4E87-831A-2B80F208D19F}.Release|Any CPU.Build.0 = Release|Any CPU
		{77AC1847-311B-4BEA-925C-9BEAAD18A64C}.Debug|Any CPU.ActiveCfg = Debug|Any CPU
		{77AC1847-311B-4BEA-925C-9BEAAD18A64C}.Debug|Any CPU.Build.0 = Debug|Any CPU
		{77AC1847-311B-4BEA-925C-9BEAAD18A64C}.Release|Any CPU.ActiveCfg = Release|Any CPU
		{77AC1847-311B-4BEA-925C-9BEAAD18A64C}.Release|Any CPU.Build.0 = Release|Any CPU
	EndGlobalSection
	GlobalSection(SolutionProperties) = preSolution
		HideSolutionNode = FALSE
	EndGlobalSection
	GlobalSection(ExtensibilityGlobals) = postSolution
		SolutionGuid = {46849E20-0DB8-4A86-B297-7A5798E4AA42}
	EndGlobalSection
EndGlobal
